
Microsoft Visual Studio Solution File, Format Version 12.00
# Visual Studio 15
VisualStudioVersion = 15.0.28307.902
MinimumVisualStudioVersion = 10.0.40219.1
Project("{FAE04EC0-301F-11D3-BF4B-00C04F79EFBC}") = "Capitulo01CSharp", "Capitulo01\Capitulo01CSharp.csproj", "{35B07CD0-D30E-4850-B7B7-41CF18B5D21B}"
EndProject
Project("{2150E333-8FDC-42A3-9474-1A3956D46DE8}") = "Capítulo01", "Capítulo01", "{E87EC0A2-BA63-47F9-8840-39720F459224}"
EndProject
Project("{F2A71F9B-5D33-465A-A702-920D77279786}") = "Capitulo01FSharp", "Capitulo01FSharp\Capitulo01FSharp.fsproj", "{CCBCE06C-F855-4DF1-94A7-F4DB88ECB670}"
EndProject
Global
	GlobalSection(SolutionConfigurationPlatforms) = preSolution
		Debug|Any CPU = Debug|Any CPU
		Release|Any CPU = Release|Any CPU
	EndGlobalSection
	GlobalSection(ProjectConfigurationPlatforms) = postSolution
		{35B07CD0-D30E-4850-B7B7-41CF18B5D21B}.Debug|Any CPU.ActiveCfg = Debug|Any CPU
		{35B07CD0-D30E-4850-B7B7-41CF18B5D21B}.Debug|Any CPU.Build.0 = Debug|Any CPU
		{35B07CD0-D30E-4850-B7B7-41CF18B5D21B}.Release|Any CPU.ActiveCfg = Release|Any CPU
		{35B07CD0-D30E-4850-B7B7-41CF18B5D21B}.Release|Any CPU.Build.0 = Release|Any CPU
		{CCBCE06C-F855-4DF1-94A7-F4DB88ECB670}.Debug|Any CPU.ActiveCfg = Debug|Any CPU
		{CCBCE06C-F855-4DF1-94A7-F4DB88ECB670}.Debug|Any CPU.Build.0 = Debug|Any CPU
		{CCBCE06C-F855-4DF1-94A7-F4DB88ECB670}.Release|Any CPU.ActiveCfg = Release|Any CPU
		{CCBCE06C-F855-4DF1-94A7-F4DB88ECB670}.Release|Any CPU.Build.0 = Release|Any CPU
	EndGlobalSection
	GlobalSection(SolutionProperties) = preSolution
		HideSolutionNode = FALSE
	EndGlobalSection
	GlobalSection(NestedProjects) = preSolution
		{35B07CD0-D30E-4850-B7B7-41CF18B5D21B} = {E87EC0A2-BA63-47F9-8840-39720F459224}
		{CCBCE06C-F855-4DF1-94A7-F4DB88ECB670} = {E87EC0A2-BA63-47F9-8840-39720F459224}
	EndGlobalSection
	GlobalSection(ExtensibilityGlobals) = postSolution
		SolutionGuid = {62B4EF79-B560-40C6-85FE-6E5F1C3F8693}
	EndGlobalSection
EndGlobal
