
Microsoft Visual Studio Solution File, Format Version 12.00
# Visual Studio 15
VisualStudioVersion = 15.0.28307.902
MinimumVisualStudioVersion = 10.0.40219.1
Project("{9A19103F-16F7-4668-BE54-9A1E7A4F7556}") = "Capitulo01CSharp", "Capitulo01\Capitulo01CSharp.csproj", "{35B07CD0-D30E-4850-B7B7-41CF18B5D21B}"
EndProject
Project("{2150E333-8FDC-42A3-9474-1A3956D46DE8}") = "Capítulo01", "Capítulo01", "{E87EC0A2-BA63-47F9-8840-39720F459224}"
EndProject
Project("{6EC3EE1D-3C4E-46DD-8F32-0CC8E7565705}") = "Capitulo01FSharp", "Capitulo01FSharp\Capitulo01FSharp.fsproj", "{CCBCE06C-F855-4DF1-94A7-F4DB88ECB670}"
EndProject
Project("{2150E333-8FDC-42A3-9474-1A3956D46DE8}") = "Capitulo02", "Capitulo02", "{0069D5C4-55ED-4E94-BD9F-DEEEBFCC000C}"
EndProject
Project("{9A19103F-16F7-4668-BE54-9A1E7A4F7556}") = "Capitulo02Csharp", "Capitulo02Csharp\Capitulo02Csharp.csproj", "{A987E73A-251F-4366-9A92-10F66AB0DE79}"
EndProject
Project("{6EC3EE1D-3C4E-46DD-8F32-0CC8E7565705}") = "Capitulo02Fsharp", "Capitulo2Fsharp\Capitulo02Fsharp.fsproj", "{FBFCE00F-AB9B-494A-8BF7-0BE0F15A89BB}"
EndProject
Project("{2150E333-8FDC-42A3-9474-1A3956D46DE8}") = "Capitulo03", "Capitulo03", "{93D68BF2-1967-4CE5-BC64-76A964339BE9}"
EndProject
Project("{F2A71F9B-5D33-465A-A702-920D77279786}") = "Capitulo03FSharp", "Capitulo03FSharp\Capitulo03FSharp.fsproj", "{656B0621-9C82-4773-9F08-6316BF764135}"
EndProject
Project("{FAE04EC0-301F-11D3-BF4B-00C04F79EFBC}") = "Capitulo03CSharp", "Capitulo03CSharp\Capitulo03CSharp.csproj", "{5BBAF586-3173-4567-94C9-A717BA65C0C0}"
EndProject
Global
	GlobalSection(SolutionConfigurationPlatforms) = preSolution
		Debug|Any CPU = Debug|Any CPU
		Release|Any CPU = Release|Any CPU
	EndGlobalSection
	GlobalSection(ProjectConfigurationPlatforms) = postSolution
		{35B07CD0-D30E-4850-B7B7-41CF18B5D21B}.Debug|Any CPU.ActiveCfg = Debug|Any CPU
		{35B07CD0-D30E-4850-B7B7-41CF18B5D21B}.Debug|Any CPU.Build.0 = Debug|Any CPU
		{35B07CD0-D30E-4850-B7B7-41CF18B5D21B}.Release|Any CPU.ActiveCfg = Release|Any CPU
		{35B07CD0-D30E-4850-B7B7-41CF18B5D21B}.Release|Any CPU.Build.0 = Release|Any CPU
		{CCBCE06C-F855-4DF1-94A7-F4DB88ECB670}.Debug|Any CPU.ActiveCfg = Debug|Any CPU
		{CCBCE06C-F855-4DF1-94A7-F4DB88ECB670}.Debug|Any CPU.Build.0 = Debug|Any CPU
		{CCBCE06C-F855-4DF1-94A7-F4DB88ECB670}.Release|Any CPU.ActiveCfg = Release|Any CPU
		{CCBCE06C-F855-4DF1-94A7-F4DB88ECB670}.Release|Any CPU.Build.0 = Release|Any CPU
		{A987E73A-251F-4366-9A92-10F66AB0DE79}.Debug|Any CPU.ActiveCfg = Debug|Any CPU
		{A987E73A-251F-4366-9A92-10F66AB0DE79}.Debug|Any CPU.Build.0 = Debug|Any CPU
		{A987E73A-251F-4366-9A92-10F66AB0DE79}.Release|Any CPU.ActiveCfg = Release|Any CPU
		{A987E73A-251F-4366-9A92-10F66AB0DE79}.Release|Any CPU.Build.0 = Release|Any CPU
		{FBFCE00F-AB9B-494A-8BF7-0BE0F15A89BB}.Debug|Any CPU.ActiveCfg = Debug|Any CPU
		{FBFCE00F-AB9B-494A-8BF7-0BE0F15A89BB}.Debug|Any CPU.Build.0 = Debug|Any CPU
		{FBFCE00F-AB9B-494A-8BF7-0BE0F15A89BB}.Release|Any CPU.ActiveCfg = Release|Any CPU
		{FBFCE00F-AB9B-494A-8BF7-0BE0F15A89BB}.Release|Any CPU.Build.0 = Release|Any CPU
		{656B0621-9C82-4773-9F08-6316BF764135}.Debug|Any CPU.ActiveCfg = Debug|Any CPU
		{656B0621-9C82-4773-9F08-6316BF764135}.Debug|Any CPU.Build.0 = Debug|Any CPU
		{656B0621-9C82-4773-9F08-6316BF764135}.Release|Any CPU.ActiveCfg = Release|Any CPU
		{656B0621-9C82-4773-9F08-6316BF764135}.Release|Any CPU.Build.0 = Release|Any CPU
		{5BBAF586-3173-4567-94C9-A717BA65C0C0}.Debug|Any CPU.ActiveCfg = Debug|Any CPU
		{5BBAF586-3173-4567-94C9-A717BA65C0C0}.Debug|Any CPU.Build.0 = Debug|Any CPU
		{5BBAF586-3173-4567-94C9-A717BA65C0C0}.Release|Any CPU.ActiveCfg = Release|Any CPU
		{5BBAF586-3173-4567-94C9-A717BA65C0C0}.Release|Any CPU.Build.0 = Release|Any CPU
	EndGlobalSection
	GlobalSection(SolutionProperties) = preSolution
		HideSolutionNode = FALSE
	EndGlobalSection
	GlobalSection(NestedProjects) = preSolution
		{35B07CD0-D30E-4850-B7B7-41CF18B5D21B} = {E87EC0A2-BA63-47F9-8840-39720F459224}
		{CCBCE06C-F855-4DF1-94A7-F4DB88ECB670} = {E87EC0A2-BA63-47F9-8840-39720F459224}
		{A987E73A-251F-4366-9A92-10F66AB0DE79} = {0069D5C4-55ED-4E94-BD9F-DEEEBFCC000C}
		{FBFCE00F-AB9B-494A-8BF7-0BE0F15A89BB} = {0069D5C4-55ED-4E94-BD9F-DEEEBFCC000C}
		{656B0621-9C82-4773-9F08-6316BF764135} = {93D68BF2-1967-4CE5-BC64-76A964339BE9}
		{5BBAF586-3173-4567-94C9-A717BA65C0C0} = {93D68BF2-1967-4CE5-BC64-76A964339BE9}
	EndGlobalSection
	GlobalSection(ExtensibilityGlobals) = postSolution
		SolutionGuid = {62B4EF79-B560-40C6-85FE-6E5F1C3F8693}
	EndGlobalSection
EndGlobal
